
Microsoft Visual Studio Solution File, Format Version 12.00
# Visual Studio Version 16
VisualStudioVersion = 16.0.31019.35
MinimumVisualStudioVersion = 10.0.40219.1
Project("{FAE04EC0-301F-11D3-BF4B-00C04F79EFBC}") = "EfCodeFirstTutorial", "EfCodeFirstTutorial\EfCodeFirstTutorial.csproj", "{4FCD7566-5FF1-4DC8-9C4F-2F6D2BD8F112}"
EndProject
Global
	GlobalSection(SolutionConfigurationPlatforms) = preSolution
		Debug|Any CPU = Debug|Any CPU
		Release|Any CPU = Release|Any CPU
	EndGlobalSection
	GlobalSection(ProjectConfigurationPlatforms) = postSolution
		{4FCD7566-5FF1-4DC8-9C4F-2F6D2BD8F112}.Debug|Any CPU.ActiveCfg = Debug|Any CPU
		{4FCD7566-5FF1-4DC8-9C4F-2F6D2BD8F112}.Debug|Any CPU.Build.0 = Debug|Any CPU
		{4FCD7566-5FF1-4DC8-9C4F-2F6D2BD8F112}.Release|Any CPU.ActiveCfg = Release|Any CPU
		{4FCD7566-5FF1-4DC8-9C4F-2F6D2BD8F112}.Release|Any CPU.Build.0 = Release|Any CPU
	EndGlobalSection
	GlobalSection(SolutionProperties) = preSolution
		HideSolutionNode = FALSE
	EndGlobalSection
	GlobalSection(ExtensibilityGlobals) = postSolution
		SolutionGuid = {44392F31-BB98-436E-9F5F-5487A0296A6E}
	EndGlobalSection
EndGlobal
